// !$*UTF8*$!
{
	archiveVersion = 1;
	classes = {
	};
	objectVersion = 46;
	objects = {

/* Begin PBXBuildFile section */
		554D8C821D050E5800401EF0 /* main.m in Sources */ = {isa = PBXBuildFile; fileRef = 554D8C811D050E5800401EF0 /* main.m */; };
		554D8C8B1D050E5800401EF0 /* Main.storyboard in Resources */ = {isa = PBXBuildFile; fileRef = 554D8C891D050E5800401EF0 /* Main.storyboard */; };
		554D8C8D1D050E5800401EF0 /* Assets.xcassets in Resources */ = {isa = PBXBuildFile; fileRef = 554D8C8C1D050E5800401EF0 /* Assets.xcassets */; };
		554D8C901D050E5800401EF0 /* LaunchScreen.storyboard in Resources */ = {isa = PBXBuildFile; fileRef = 554D8C8E1D050E5800401EF0 /* LaunchScreen.storyboard */; };
		554D8C9B1D050E5800401EF0 /* CYWebviewControllerDemoTests.m in Sources */ = {isa = PBXBuildFile; fileRef = 554D8C9A1D050E5800401EF0 /* CYWebviewControllerDemoTests.m */; };
		554D8CA61D050E5800401EF0 /* CYWebviewControllerDemoUITests.m in Sources */ = {isa = PBXBuildFile; fileRef = 554D8CA51D050E5800401EF0 /* CYWebviewControllerDemoUITests.m */; };
		554D8CCC1D050F7200401EF0 /* AppDelegate.m in Sources */ = {isa = PBXBuildFile; fileRef = 554D8CB41D050F7200401EF0 /* AppDelegate.m */; };
		554D8CCD1D050F7200401EF0 /* UIButton+WHE.m in Sources */ = {isa = PBXBuildFile; fileRef = 554D8CB81D050F7200401EF0 /* UIButton+WHE.m */; };
		554D8CCE1D050F7200401EF0 /* UIColor+WHE.m in Sources */ = {isa = PBXBuildFile; fileRef = 554D8CBA1D050F7200401EF0 /* UIColor+WHE.m */; };
		554D8CCF1D050F7200401EF0 /* UIImage+CYButtonIcon.m in Sources */ = {isa = PBXBuildFile; fileRef = 554D8CBC1D050F7200401EF0 /* UIImage+CYButtonIcon.m */; };
		554D8CD01D050F7200401EF0 /* CYWebViewController.m in Sources */ = {isa = PBXBuildFile; fileRef = 554D8CBE1D050F7200401EF0 /* CYWebViewController.m */; };
		554D8CD11D050F7200401EF0 /* backBtn.png in Resources */ = {isa = PBXBuildFile; fileRef = 554D8CC01D050F7200401EF0 /* backBtn.png */; };
		554D8CD21D050F7200401EF0 /* backBtn@2x.png in Resources */ = {isa = PBXBuildFile; fileRef = 554D8CC11D050F7200401EF0 /* backBtn@2x.png */; };
		554D8CD31D050F7200401EF0 /* backBtn@3x.png in Resources */ = {isa = PBXBuildFile; fileRef = 554D8CC21D050F7200401EF0 /* backBtn@3x.png */; };
		554D8CD41D050F7200401EF0 /* NJKWebViewProgress.m in Sources */ = {isa = PBXBuildFile; fileRef = 554D8CC51D050F7200401EF0 /* NJKWebViewProgress.m */; };
		554D8CD51D050F7200401EF0 /* NJKWebViewProgressView.m in Sources */ = {isa = PBXBuildFile; fileRef = 554D8CC71D050F7200401EF0 /* NJKWebViewProgressView.m */; };
		554D8CD61D050F7200401EF0 /* UINavigationBar+Awesome.m in Sources */ = {isa = PBXBuildFile; fileRef = 554D8CC91D050F7200401EF0 /* UINavigationBar+Awesome.m */; };
		554D8CD71D050F7200401EF0 /* CYViewController.m in Sources */ = {isa = PBXBuildFile; fileRef = 554D8CCB1D050F7200401EF0 /* CYViewController.m */; };
/* End PBXBuildFile section */

/* Begin PBXContainerItemProxy section */
		554D8C971D050E5800401EF0 /* PBXContainerItemProxy */ = {
			isa = PBXContainerItemProxy;
			containerPortal = 554D8C751D050E5800401EF0 /* Project object */;
			proxyType = 1;
			remoteGlobalIDString = 554D8C7C1D050E5800401EF0;
			remoteInfo = CYWebviewControllerDemo;
		};
		554D8CA21D050E5800401EF0 /* PBXContainerItemProxy */ = {
			isa = PBXContainerItemProxy;
			containerPortal = 554D8C751D050E5800401EF0 /* Project object */;
			proxyType = 1;
			remoteGlobalIDString = 554D8C7C1D050E5800401EF0;
			remoteInfo = CYWebviewControllerDemo;
		};
/* End PBXContainerItemProxy section */

/* Begin PBXFileReference section */
		554D8C7D1D050E5800401EF0 /* CYWebviewControllerDemo.app */ = {isa = PBXFileReference; explicitFileType = wrapper.application; includeInIndex = 0; path = CYWebviewControllerDemo.app; sourceTree = BUILT_PRODUCTS_DIR; };
		554D8C811D050E5800401EF0 /* main.m */ = {isa = PBXFileReference; lastKnownFileType = sourcecode.c.objc; path = main.m; sourceTree = "<group>"; };
		554D8C8A1D050E5800401EF0 /* Base */ = {isa = PBXFileReference; lastKnownFileType = file.storyboard; name = Base; path = Base.lproj/Main.storyboard; sourceTree = "<group>"; };
		554D8C8C1D050E5800401EF0 /* Assets.xcassets */ = {isa = PBXFileReference; lastKnownFileType = folder.assetcatalog; path = Assets.xcassets; sourceTree = "<group>"; };
		554D8C8F1D050E5800401EF0 /* Base */ = {isa = PBXFileReference; lastKnownFileType = file.storyboard; name = Base; path = Base.lproj/LaunchScreen.storyboard; sourceTree = "<group>"; };
		554D8C911D050E5800401EF0 /* Info.plist */ = {isa = PBXFileReference; lastKnownFileType = text.plist.xml; path = Info.plist; sourceTree = "<group>"; };
		554D8C961D050E5800401EF0 /* CYWebviewControllerDemoTests.xctest */ = {isa = PBXFileReference; explicitFileType = wrapper.cfbundle; includeInIndex = 0; path = CYWebviewControllerDemoTests.xctest; sourceTree = BUILT_PRODUCTS_DIR; };
		554D8C9A1D050E5800401EF0 /* CYWebviewControllerDemoTests.m */ = {isa = PBXFileReference; lastKnownFileType = sourcecode.c.objc; path = CYWebviewControllerDemoTests.m; sourceTree = "<group>"; };
		554D8C9C1D050E5800401EF0 /* Info.plist */ = {isa = PBXFileReference; lastKnownFileType = text.plist.xml; path = Info.plist; sourceTree = "<group>"; };
		554D8CA11D050E5800401EF0 /* CYWebviewControllerDemoUITests.xctest */ = {isa = PBXFileReference; explicitFileType = wrapper.cfbundle; includeInIndex = 0; path = CYWebviewControllerDemoUITests.xctest; sourceTree = BUILT_PRODUCTS_DIR; };
		554D8CA51D050E5800401EF0 /* CYWebviewControllerDemoUITests.m */ = {isa = PBXFileReference; lastKnownFileType = sourcecode.c.objc; path = CYWebviewControllerDemoUITests.m; sourceTree = "<group>"; };
		554D8CA71D050E5800401EF0 /* Info.plist */ = {isa = PBXFileReference; lastKnownFileType = text.plist.xml; path = Info.plist; sourceTree = "<group>"; };
		554D8CB31D050F7200401EF0 /* AppDelegate.h */ = {isa = PBXFileReference; fileEncoding = 4; lastKnownFileType = sourcecode.c.h; path = AppDelegate.h; sourceTree = "<group>"; };
		554D8CB41D050F7200401EF0 /* AppDelegate.m */ = {isa = PBXFileReference; fileEncoding = 4; lastKnownFileType = sourcecode.c.objc; path = AppDelegate.m; sourceTree = "<group>"; };
		554D8CB71D050F7200401EF0 /* UIButton+WHE.h */ = {isa = PBXFileReference; fileEncoding = 4; lastKnownFileType = sourcecode.c.h; path = "UIButton+WHE.h"; sourceTree = "<group>"; };
		554D8CB81D050F7200401EF0 /* UIButton+WHE.m */ = {isa = PBXFileReference; fileEncoding = 4; lastKnownFileType = sourcecode.c.objc; path = "UIButton+WHE.m"; sourceTree = "<group>"; };
		554D8CB91D050F7200401EF0 /* UIColor+WHE.h */ = {isa = PBXFileReference; fileEncoding = 4; lastKnownFileType = sourcecode.c.h; path = "UIColor+WHE.h"; sourceTree = "<group>"; };
		554D8CBA1D050F7200401EF0 /* UIColor+WHE.m */ = {isa = PBXFileReference; fileEncoding = 4; lastKnownFileType = sourcecode.c.objc; path = "UIColor+WHE.m"; sourceTree = "<group>"; };
		554D8CBB1D050F7200401EF0 /* UIImage+CYButtonIcon.h */ = {isa = PBXFileReference; fileEncoding = 4; lastKnownFileType = sourcecode.c.h; path = "UIImage+CYButtonIcon.h"; sourceTree = "<group>"; };
		554D8CBC1D050F7200401EF0 /* UIImage+CYButtonIcon.m */ = {isa = PBXFileReference; fileEncoding = 4; lastKnownFileType = sourcecode.c.objc; path = "UIImage+CYButtonIcon.m"; sourceTree = "<group>"; };
		554D8CBD1D050F7200401EF0 /* CYWebViewController.h */ = {isa = PBXFileReference; fileEncoding = 4; lastKnownFileType = sourcecode.c.h; path = CYWebViewController.h; sourceTree = "<group>"; };
		554D8CBE1D050F7200401EF0 /* CYWebViewController.m */ = {isa = PBXFileReference; fileEncoding = 4; lastKnownFileType = sourcecode.c.objc; path = CYWebViewController.m; sourceTree = "<group>"; };
		554D8CC01D050F7200401EF0 /* backBtn.png */ = {isa = PBXFileReference; lastKnownFileType = image.png; path = backBtn.png; sourceTree = "<group>"; };
		554D8CC11D050F7200401EF0 /* backBtn@2x.png */ = {isa = PBXFileReference; lastKnownFileType = image.png; path = "backBtn@2x.png"; sourceTree = "<group>"; };
		554D8CC21D050F7200401EF0 /* backBtn@3x.png */ = {isa = PBXFileReference; lastKnownFileType = image.png; path = "backBtn@3x.png"; sourceTree = "<group>"; };
		554D8CC41D050F7200401EF0 /* NJKWebViewProgress.h */ = {isa = PBXFileReference; fileEncoding = 4; lastKnownFileType = sourcecode.c.h; path = NJKWebViewProgress.h; sourceTree = "<group>"; };
		554D8CC51D050F7200401EF0 /* NJKWebViewProgress.m */ = {isa = PBXFileReference; fileEncoding = 4; lastKnownFileType = sourcecode.c.objc; path = NJKWebViewProgress.m; sourceTree = "<group>"; };
		554D8CC61D050F7200401EF0 /* NJKWebViewProgressView.h */ = {isa = PBXFileReference; fileEncoding = 4; lastKnownFileType = sourcecode.c.h; path = NJKWebViewProgressView.h; sourceTree = "<group>"; };
		554D8CC71D050F7200401EF0 /* NJKWebViewProgressView.m */ = {isa = PBXFileReference; fileEncoding = 4; lastKnownFileType = sourcecode.c.objc; path = NJKWebViewProgressView.m; sourceTree = "<group>"; };
		554D8CC81D050F7200401EF0 /* UINavigationBar+Awesome.h */ = {isa = PBXFileReference; fileEncoding = 4; lastKnownFileType = sourcecode.c.h; path = "UINavigationBar+Awesome.h"; sourceTree = "<group>"; };
		554D8CC91D050F7200401EF0 /* UINavigationBar+Awesome.m */ = {isa = PBXFileReference; fileEncoding = 4; lastKnownFileType = sourcecode.c.objc; path = "UINavigationBar+Awesome.m"; sourceTree = "<group>"; };
		554D8CCA1D050F7200401EF0 /* CYViewController.h */ = {isa = PBXFileReference; fileEncoding = 4; lastKnownFileType = sourcecode.c.h; path = CYViewController.h; sourceTree = "<group>"; };
		554D8CCB1D050F7200401EF0 /* CYViewController.m */ = {isa = PBXFileReference; fileEncoding = 4; lastKnownFileType = sourcecode.c.objc; path = CYViewController.m; sourceTree = "<group>"; };
/* End PBXFileReference section */

/* Begin PBXFrameworksBuildPhase section */
		554D8C7A1D050E5800401EF0 /* Frameworks */ = {
			isa = PBXFrameworksBuildPhase;
			buildActionMask = 2147483647;
			files = (
			);
			runOnlyForDeploymentPostprocessing = 0;
		};
		554D8C931D050E5800401EF0 /* Frameworks */ = {
			isa = PBXFrameworksBuildPhase;
			buildActionMask = 2147483647;
			files = (
			);
			runOnlyForDeploymentPostprocessing = 0;
		};
		554D8C9E1D050E5800401EF0 /* Frameworks */ = {
			isa = PBXFrameworksBuildPhase;
			buildActionMask = 2147483647;
			files = (
			);
			runOnlyForDeploymentPostprocessing = 0;
		};
/* End PBXFrameworksBuildPhase section */

/* Begin PBXGroup section */
		554D8C741D050E5800401EF0 = {
			isa = PBXGroup;
			children = (
				554D8C7F1D050E5800401EF0 /* CYWebviewControllerDemo */,
				554D8C991D050E5800401EF0 /* CYWebviewControllerDemoTests */,
				554D8CA41D050E5800401EF0 /* CYWebviewControllerDemoUITests */,
				554D8C7E1D050E5800401EF0 /* Products */,
			);
			sourceTree = "<group>";
		};
		554D8C7E1D050E5800401EF0 /* Products */ = {
			isa = PBXGroup;
			children = (
				554D8C7D1D050E5800401EF0 /* CYWebviewControllerDemo.app */,
				554D8C961D050E5800401EF0 /* CYWebviewControllerDemoTests.xctest */,
				554D8CA11D050E5800401EF0 /* CYWebviewControllerDemoUITests.xctest */,
			);
			name = Products;
			sourceTree = "<group>";
		};
		554D8C7F1D050E5800401EF0 /* CYWebviewControllerDemo */ = {
			isa = PBXGroup;
			children = (
				554D8CB31D050F7200401EF0 /* AppDelegate.h */,
				554D8CB41D050F7200401EF0 /* AppDelegate.m */,
				554D8CB51D050F7200401EF0 /* CY */,
				554D8CCA1D050F7200401EF0 /* CYViewController.h */,
				554D8CCB1D050F7200401EF0 /* CYViewController.m */,
				554D8C891D050E5800401EF0 /* Main.storyboard */,
				554D8C8C1D050E5800401EF0 /* Assets.xcassets */,
				554D8C8E1D050E5800401EF0 /* LaunchScreen.storyboard */,
				554D8C911D050E5800401EF0 /* Info.plist */,
				554D8C801D050E5800401EF0 /* Supporting Files */,
			);
			path = CYWebviewControllerDemo;
			sourceTree = "<group>";
		};
		554D8C801D050E5800401EF0 /* Supporting Files */ = {
			isa = PBXGroup;
			children = (
				554D8C811D050E5800401EF0 /* main.m */,
			);
			name = "Supporting Files";
			sourceTree = "<group>";
		};
		554D8C991D050E5800401EF0 /* CYWebviewControllerDemoTests */ = {
			isa = PBXGroup;
			children = (
				554D8C9A1D050E5800401EF0 /* CYWebviewControllerDemoTests.m */,
				554D8C9C1D050E5800401EF0 /* Info.plist */,
			);
			path = CYWebviewControllerDemoTests;
			sourceTree = "<group>";
		};
		554D8CA41D050E5800401EF0 /* CYWebviewControllerDemoUITests */ = {
			isa = PBXGroup;
			children = (
				554D8CA51D050E5800401EF0 /* CYWebviewControllerDemoUITests.m */,
				554D8CA71D050E5800401EF0 /* Info.plist */,
			);
			path = CYWebviewControllerDemoUITests;
			sourceTree = "<group>";
		};
		554D8CB51D050F7200401EF0 /* CY */ = {
			isa = PBXGroup;
			children = (
				554D8CB61D050F7200401EF0 /* Category */,
				554D8CBD1D050F7200401EF0 /* CYWebViewController.h */,
				554D8CBE1D050F7200401EF0 /* CYWebViewController.m */,
				554D8CBF1D050F7200401EF0 /* img */,
				554D8CC31D050F7200401EF0 /* NJKWebViewProgress */,
				554D8CC81D050F7200401EF0 /* UINavigationBar+Awesome.h */,
				554D8CC91D050F7200401EF0 /* UINavigationBar+Awesome.m */,
			);
			path = CY;
			sourceTree = "<group>";
		};
		554D8CB61D050F7200401EF0 /* Category */ = {
			isa = PBXGroup;
			children = (
				554D8CB71D050F7200401EF0 /* UIButton+WHE.h */,
				554D8CB81D050F7200401EF0 /* UIButton+WHE.m */,
				554D8CB91D050F7200401EF0 /* UIColor+WHE.h */,
				554D8CBA1D050F7200401EF0 /* UIColor+WHE.m */,
				554D8CBB1D050F7200401EF0 /* UIImage+CYButtonIcon.h */,
				554D8CBC1D050F7200401EF0 /* UIImage+CYButtonIcon.m */,
			);
			path = Category;
			sourceTree = "<group>";
		};
		554D8CBF1D050F7200401EF0 /* img */ = {
			isa = PBXGroup;
			children = (
				554D8CC01D050F7200401EF0 /* backBtn.png */,
				554D8CC11D050F7200401EF0 /* backBtn@2x.png */,
				554D8CC21D050F7200401EF0 /* backBtn@3x.png */,
			);
			path = img;
			sourceTree = "<group>";
		};
		554D8CC31D050F7200401EF0 /* NJKWebViewProgress */ = {
			isa = PBXGroup;
			children = (
				554D8CC41D050F7200401EF0 /* NJKWebViewProgress.h */,
				554D8CC51D050F7200401EF0 /* NJKWebViewProgress.m */,
				554D8CC61D050F7200401EF0 /* NJKWebViewProgressView.h */,
				554D8CC71D050F7200401EF0 /* NJKWebViewProgressView.m */,
			);
			path = NJKWebViewProgress;
			sourceTree = "<group>";
		};
/* End PBXGroup section */

/* Begin PBXNativeTarget section */
		554D8C7C1D050E5800401EF0 /* CYWebviewControllerDemo */ = {
			isa = PBXNativeTarget;
			buildConfigurationList = 554D8CAA1D050E5800401EF0 /* Build configuration list for PBXNativeTarget "CYWebviewControllerDemo" */;
			buildPhases = (
				554D8C791D050E5800401EF0 /* Sources */,
				554D8C7A1D050E5800401EF0 /* Frameworks */,
				554D8C7B1D050E5800401EF0 /* Resources */,
			);
			buildRules = (
			);
			dependencies = (
			);
			name = CYWebviewControllerDemo;
			productName = CYWebviewControllerDemo;
			productReference = 554D8C7D1D050E5800401EF0 /* CYWebviewControllerDemo.app */;
			productType = "com.apple.product-type.application";
		};
		554D8C951D050E5800401EF0 /* CYWebviewControllerDemoTests */ = {
			isa = PBXNativeTarget;
			buildConfigurationList = 554D8CAD1D050E5800401EF0 /* Build configuration list for PBXNativeTarget "CYWebviewControllerDemoTests" */;
			buildPhases = (
				554D8C921D050E5800401EF0 /* Sources */,
				554D8C931D050E5800401EF0 /* Frameworks */,
				554D8C941D050E5800401EF0 /* Resources */,
			);
			buildRules = (
			);
			dependencies = (
				554D8C981D050E5800401EF0 /* PBXTargetDependency */,
			);
			name = CYWebviewControllerDemoTests;
			productName = CYWebviewControllerDemoTests;
			productReference = 554D8C961D050E5800401EF0 /* CYWebviewControllerDemoTests.xctest */;
			productType = "com.apple.product-type.bundle.unit-test";
		};
		554D8CA01D050E5800401EF0 /* CYWebviewControllerDemoUITests */ = {
			isa = PBXNativeTarget;
			buildConfigurationList = 554D8CB01D050E5800401EF0 /* Build configuration list for PBXNativeTarget "CYWebviewControllerDemoUITests" */;
			buildPhases = (
				554D8C9D1D050E5800401EF0 /* Sources */,
				554D8C9E1D050E5800401EF0 /* Frameworks */,
				554D8C9F1D050E5800401EF0 /* Resources */,
			);
			buildRules = (
			);
			dependencies = (
				554D8CA31D050E5800401EF0 /* PBXTargetDependency */,
			);
			name = CYWebviewControllerDemoUITests;
			productName = CYWebviewControllerDemoUITests;
			productReference = 554D8CA11D050E5800401EF0 /* CYWebviewControllerDemoUITests.xctest */;
			productType = "com.apple.product-type.bundle.ui-testing";
		};
/* End PBXNativeTarget section */

/* Begin PBXProject section */
		554D8C751D050E5800401EF0 /* Project object */ = {
			isa = PBXProject;
			attributes = {
				LastUpgradeCheck = 0730;
				ORGANIZATIONNAME = "万鸿恩";
				TargetAttributes = {
					554D8C7C1D050E5800401EF0 = {
						CreatedOnToolsVersion = 7.3.1;
					};
					554D8C951D050E5800401EF0 = {
						CreatedOnToolsVersion = 7.3.1;
						TestTargetID = 554D8C7C1D050E5800401EF0;
					};
					554D8CA01D050E5800401EF0 = {
						CreatedOnToolsVersion = 7.3.1;
						TestTargetID = 554D8C7C1D050E5800401EF0;
					};
				};
			};
			buildConfigurationList = 554D8C781D050E5800401EF0 /* Build configuration list for PBXProject "CYWebviewControllerDemo" */;
			compatibilityVersion = "Xcode 3.2";
			developmentRegion = English;
			hasScannedForEncodings = 0;
			knownRegions = (
				en,
				Base,
			);
			mainGroup = 554D8C741D050E5800401EF0;
			productRefGroup = 554D8C7E1D050E5800401EF0 /* Products */;
			projectDirPath = "";
			projectRoot = "";
			targets = (
				554D8C7C1D050E5800401EF0 /* CYWebviewControllerDemo */,
				554D8C951D050E5800401EF0 /* CYWebviewControllerDemoTests */,
				554D8CA01D050E5800401EF0 /* CYWebviewControllerDemoUITests */,
			);
		};
/* End PBXProject section */

/* Begin PBXResourcesBuildPhase section */
		554D8C7B1D050E5800401EF0 /* Resources */ = {
			isa = PBXResourcesBuildPhase;
			buildActionMask = 2147483647;
			files = (
				554D8CD21D050F7200401EF0 /* backBtn@2x.png in Resources */,
				554D8CD31D050F7200401EF0 /* backBtn@3x.png in Resources */,
				554D8C901D050E5800401EF0 /* LaunchScreen.storyboard in Resources */,
				554D8C8D1D050E5800401EF0 /* Assets.xcassets in Resources */,
				554D8C8B1D050E5800401EF0 /* Main.storyboard in Resources */,
				554D8CD11D050F7200401EF0 /* backBtn.png in Resources */,
			);
			runOnlyForDeploymentPostprocessing = 0;
		};
		554D8C941D050E5800401EF0 /* Resources */ = {
			isa = PBXResourcesBuildPhase;
			buildActionMask = 2147483647;
			files = (
			);
			runOnlyForDeploymentPostprocessing = 0;
		};
		554D8C9F1D050E5800401EF0 /* Resources */ = {
			isa = PBXResourcesBuildPhase;
			buildActionMask = 2147483647;
			files = (
			);
			runOnlyForDeploymentPostprocessing = 0;
		};
/* End PBXResourcesBuildPhase section */

/* Begin PBXSourcesBuildPhase section */
		554D8C791D050E5800401EF0 /* Sources */ = {
			isa = PBXSourcesBuildPhase;
			buildActionMask = 2147483647;
			files = (
				554D8CD71D050F7200401EF0 /* CYViewController.m in Sources */,
				554D8CCE1D050F7200401EF0 /* UIColor+WHE.m in Sources */,
				554D8CD01D050F7200401EF0 /* CYWebViewController.m in Sources */,
				554D8CCD1D050F7200401EF0 /* UIButton+WHE.m in Sources */,
				554D8CCF1D050F7200401EF0 /* UIImage+CYButtonIcon.m in Sources */,
				554D8CD61D050F7200401EF0 /* UINavigationBar+Awesome.m in Sources */,
				554D8CCC1D050F7200401EF0 /* AppDelegate.m in Sources */,
				554D8C821D050E5800401EF0 /* main.m in Sources */,
				554D8CD41D050F7200401EF0 /* NJKWebViewProgress.m in Sources */,
				554D8CD51D050F7200401EF0 /* NJKWebViewProgressView.m in Sources */,
			);
			runOnlyForDeploymentPostprocessing = 0;
		};
		554D8C921D050E5800401EF0 /* Sources */ = {
			isa = PBXSourcesBuildPhase;
			buildActionMask = 2147483647;
			files = (
				554D8C9B1D050E5800401EF0 /* CYWebviewControllerDemoTests.m in Sources */,
			);
			runOnlyForDeploymentPostprocessing = 0;
		};
		554D8C9D1D050E5800401EF0 /* Sources */ = {
			isa = PBXSourcesBuildPhase;
			buildActionMask = 2147483647;
			files = (
				554D8CA61D050E5800401EF0 /* CYWebviewControllerDemoUITests.m in Sources */,
			);
			runOnlyForDeploymentPostprocessing = 0;
		};
/* End PBXSourcesBuildPhase section */

/* Begin PBXTargetDependency section */
		554D8C981D050E5800401EF0 /* PBXTargetDependency */ = {
			isa = PBXTargetDependency;
			target = 554D8C7C1D050E5800401EF0 /* CYWebviewControllerDemo */;
			targetProxy = 554D8C971D050E5800401EF0 /* PBXContainerItemProxy */;
		};
		554D8CA31D050E5800401EF0 /* PBXTargetDependency */ = {
			isa = PBXTargetDependency;
			target = 554D8C7C1D050E5800401EF0 /* CYWebviewControllerDemo */;
			targetProxy = 554D8CA21D050E5800401EF0 /* PBXContainerItemProxy */;
		};
/* End PBXTargetDependency section */

/* Begin PBXVariantGroup section */
		554D8C891D050E5800401EF0 /* Main.storyboard */ = {
			isa = PBXVariantGroup;
			children = (
				554D8C8A1D050E5800401EF0 /* Base */,
			);
			name = Main.storyboard;
			sourceTree = "<group>";
		};
		554D8C8E1D050E5800401EF0 /* LaunchScreen.storyboard */ = {
			isa = PBXVariantGroup;
			children = (
				554D8C8F1D050E5800401EF0 /* Base */,
			);
			name = LaunchScreen.storyboard;
			sourceTree = "<group>";
		};
/* End PBXVariantGroup section */

/* Begin XCBuildConfiguration section */
		554D8CA81D050E5800401EF0 /* Debug */ = {
			isa = XCBuildConfiguration;
			buildSettings = {
				ALWAYS_SEARCH_USER_PATHS = NO;
				CLANG_ANALYZER_NONNULL = YES;
				CLANG_CXX_LANGUAGE_STANDARD = "gnu++0x";
				CLANG_CXX_LIBRARY = "libc++";
				CLANG_ENABLE_MODULES = YES;
				CLANG_ENABLE_OBJC_ARC = YES;
				CLANG_WARN_BOOL_CONVERSION = YES;
				CLANG_WARN_CONSTANT_CONVERSION = YES;
				CLANG_WARN_DIRECT_OBJC_ISA_USAGE = YES_ERROR;
				CLANG_WARN_EMPTY_BODY = YES;
				CLANG_WARN_ENUM_CONVERSION = YES;
				CLANG_WARN_INT_CONVERSION = YES;
				CLANG_WARN_OBJC_ROOT_CLASS = YES_ERROR;
				CLANG_WARN_UNREACHABLE_CODE = YES;
				CLANG_WARN__DUPLICATE_METHOD_MATCH = YES;
				"CODE_SIGN_IDENTITY[sdk=iphoneos*]" = "iPhone Developer";
				COPY_PHASE_STRIP = NO;
				DEBUG_INFORMATION_FORMAT = dwarf;
				ENABLE_STRICT_OBJC_MSGSEND = YES;
				ENABLE_TESTABILITY = YES;
				GCC_C_LANGUAGE_STANDARD = gnu99;
				GCC_DYNAMIC_NO_PIC = NO;
				GCC_NO_COMMON_BLOCKS = YES;
				GCC_OPTIMIZATION_LEVEL = 0;
				GCC_PREPROCESSOR_DEFINITIONS = (
					"DEBUG=1",
					"$(inherited)",
				);
				GCC_WARN_64_TO_32_BIT_CONVERSION = YES;
				GCC_WARN_ABOUT_RETURN_TYPE = YES_ERROR;
				GCC_WARN_UNDECLARED_SELECTOR = YES;
				GCC_WARN_UNINITIALIZED_AUTOS = YES_AGGRESSIVE;
				GCC_WARN_UNUSED_FUNCTION = YES;
				GCC_WARN_UNUSED_VARIABLE = YES;
				IPHONEOS_DEPLOYMENT_TARGET = 9.3;
				MTL_ENABLE_DEBUG_INFO = YES;
				ONLY_ACTIVE_ARCH = YES;
				SDKROOT = iphoneos;
				TARGETED_DEVICE_FAMILY = "1,2";
			};
			name = Debug;
		};
		554D8CA91D050E5800401EF0 /* Release */ = {
			isa = XCBuildConfiguration;
			buildSettings = {
				ALWAYS_SEARCH_USER_PATHS = NO;
				CLANG_ANALYZER_NONNULL = YES;
				CLANG_CXX_LANGUAGE_STANDARD = "gnu++0x";
				CLANG_CXX_LIBRARY = "libc++";
				CLANG_ENABLE_MODULES = YES;
				CLANG_ENABLE_OBJC_ARC = YES;
				CLANG_WARN_BOOL_CONVERSION = YES;
				CLANG_WARN_CONSTANT_CONVERSION = YES;
				CLANG_WARN_DIRECT_OBJC_ISA_USAGE = YES_ERROR;
				CLANG_WARN_EMPTY_BODY = YES;
				CLANG_WARN_ENUM_CONVERSION = YES;
				CLANG_WARN_INT_CONVERSION = YES;
				CLANG_WARN_OBJC_ROOT_CLASS = YES_ERROR;
				CLANG_WARN_UNREACHABLE_CODE = YES;
				CLANG_WARN__DUPLICATE_METHOD_MATCH = YES;
				"CODE_SIGN_IDENTITY[sdk=iphoneos*]" = "iPhone Developer";
				COPY_PHASE_STRIP = NO;
				DEBUG_INFORMATION_FORMAT = "dwarf-with-dsym";
				ENABLE_NS_ASSERTIONS = NO;
				ENABLE_STRICT_OBJC_MSGSEND = YES;
				GCC_C_LANGUAGE_STANDARD = gnu99;
				GCC_NO_COMMON_BLOCKS = YES;
				GCC_WARN_64_TO_32_BIT_CONVERSION = YES;
				GCC_WARN_ABOUT_RETURN_TYPE = YES_ERROR;
				GCC_WARN_UNDECLARED_SELECTOR = YES;
				GCC_WARN_UNINITIALIZED_AUTOS = YES_AGGRESSIVE;
				GCC_WARN_UNUSED_FUNCTION = YES;
				GCC_WARN_UNUSED_VARIABLE = YES;
				IPHONEOS_DEPLOYMENT_TARGET = 9.3;
				MTL_ENABLE_DEBUG_INFO = NO;
				SDKROOT = iphoneos;
				TARGETED_DEVICE_FAMILY = "1,2";
				VALIDATE_PRODUCT = YES;
			};
			name = Release;
		};
		554D8CAB1D050E5800401EF0 /* Debug */ = {
			isa = XCBuildConfiguration;
			buildSettings = {
				ASSETCATALOG_COMPILER_APPICON_NAME = AppIcon;
				INFOPLIST_FILE = CYWebviewControllerDemo/Info.plist;
				LD_RUNPATH_SEARCH_PATHS = "$(inherited) @executable_path/Frameworks";
				PRODUCT_BUNDLE_IDENTIFIER = com.hongen.CYWebviewControllerDemo;
				PRODUCT_NAME = "$(TARGET_NAME)";
			};
			name = Debug;
		};
		554D8CAC1D050E5800401EF0 /* Release */ = {
			isa = XCBuildConfiguration;
			buildSettings = {
				ASSETCATALOG_COMPILER_APPICON_NAME = AppIcon;
				INFOPLIST_FILE = CYWebviewControllerDemo/Info.plist;
				LD_RUNPATH_SEARCH_PATHS = "$(inherited) @executable_path/Frameworks";
				PRODUCT_BUNDLE_IDENTIFIER = com.hongen.CYWebviewControllerDemo;
				PRODUCT_NAME = "$(TARGET_NAME)";
			};
			name = Release;
		};
		554D8CAE1D050E5800401EF0 /* Debug */ = {
			isa = XCBuildConfiguration;
			buildSettings = {
				BUNDLE_LOADER = "$(TEST_HOST)";
				INFOPLIST_FILE = CYWebviewControllerDemoTests/Info.plist;
				LD_RUNPATH_SEARCH_PATHS = "$(inherited) @executable_path/Frameworks @loader_path/Frameworks";
				PRODUCT_BUNDLE_IDENTIFIER = com.hongen.CYWebviewControllerDemoTests;
				PRODUCT_NAME = "$(TARGET_NAME)";
				TEST_HOST = "$(BUILT_PRODUCTS_DIR)/CYWebviewControllerDemo.app/CYWebviewControllerDemo";
			};
			name = Debug;
		};
		554D8CAF1D050E5800401EF0 /* Release */ = {
			isa = XCBuildConfiguration;
			buildSettings = {
				BUNDLE_LOADER = "$(TEST_HOST)";
				INFOPLIST_FILE = CYWebviewControllerDemoTests/Info.plist;
				LD_RUNPATH_SEARCH_PATHS = "$(inherited) @executable_path/Frameworks @loader_path/Frameworks";
				PRODUCT_BUNDLE_IDENTIFIER = com.hongen.CYWebviewControllerDemoTests;
				PRODUCT_NAME = "$(TARGET_NAME)";
				TEST_HOST = "$(BUILT_PRODUCTS_DIR)/CYWebviewControllerDemo.app/CYWebviewControllerDemo";
			};
			name = Release;
		};
		554D8CB11D050E5800401EF0 /* Debug */ = {
			isa = XCBuildConfiguration;
			buildSettings = {
				INFOPLIST_FILE = CYWebviewControllerDemoUITests/Info.plist;
				LD_RUNPATH_SEARCH_PATHS = "$(inherited) @executable_path/Frameworks @loader_path/Frameworks";
				PRODUCT_BUNDLE_IDENTIFIER = com.hongen.CYWebviewControllerDemoUITests;
				PRODUCT_NAME = "$(TARGET_NAME)";
				TEST_TARGET_NAME = CYWebviewControllerDemo;
			};
			name = Debug;
		};
		554D8CB21D050E5800401EF0 /* Release */ = {
			isa = XCBuildConfiguration;
			buildSettings = {
				INFOPLIST_FILE = CYWebviewControllerDemoUITests/Info.plist;
				LD_RUNPATH_SEARCH_PATHS = "$(inherited) @executable_path/Frameworks @loader_path/Frameworks";
				PRODUCT_BUNDLE_IDENTIFIER = com.hongen.CYWebviewControllerDemoUITests;
				PRODUCT_NAME = "$(TARGET_NAME)";
				TEST_TARGET_NAME = CYWebviewControllerDemo;
			};
			name = Release;
		};
/* End XCBuildConfiguration section */

/* Begin XCConfigurationList section */
		554D8C781D050E5800401EF0 /* Build configuration list for PBXProject "CYWebviewControllerDemo" */ = {
			isa = XCConfigurationList;
			buildConfigurations = (
				554D8CA81D050E5800401EF0 /* Debug */,
				554D8CA91D050E5800401EF0 /* Release */,
			);
			defaultConfigurationIsVisible = 0;
			defaultConfigurationName = Release;
		};
		554D8CAA1D050E5800401EF0 /* Build configuration list for PBXNativeTarget "CYWebviewControllerDemo" */ = {
			isa = XCConfigurationList;
			buildConfigurations = (
				554D8CAB1D050E5800401EF0 /* Debug */,
				554D8CAC1D050E5800401EF0 /* Release */,
			);
			defaultConfigurationIsVisible = 0;
			defaultConfigurationName = Release;
		};
		554D8CAD1D050E5800401EF0 /* Build configuration list for PBXNativeTarget "CYWebviewControllerDemoTests" */ = {
			isa = XCConfigurationList;
			buildConfigurations = (
				554D8CAE1D050E5800401EF0 /* Debug */,
				554D8CAF1D050E5800401EF0 /* Release */,
			);
			defaultConfigurationIsVisible = 0;
			defaultConfigurationName = Release;
		};
		554D8CB01D050E5800401EF0 /* Build configuration list for PBXNativeTarget "CYWebviewControllerDemoUITests" */ = {
			isa = XCConfigurationList;
			buildConfigurations = (
				554D8CB11D050E5800401EF0 /* Debug */,
				554D8CB21D050E5800401EF0 /* Release */,
			);
			defaultConfigurationIsVisible = 0;
			defaultConfigurationName = Release;
		};
/* End XCConfigurationList section */
	};
	rootObject = 554D8C751D050E5800401EF0 /* Project object */;
}
